7528f31b8e3c2d657b0a7e2824d01d273b434542885a1194565953ae6192099d  data/chunks.jsonl
a5073d3e7d8888fcf1e8a837e3f93ff08982535547a0004d8b272bb593c5124d  data/testset_merged.jsonl
b575658a79b40c6f48de21529809313cad1e825bf584a3e4f3d0879a2e61ae91  data/testset_natural.jsonl
# HEAD 50530d9  corpus=215 merged_h3=.853 natural_h3=.753
